
Microsoft Visual Studio Solution File, Format Version 12.00
Project("{FAE04EC0-301F-11D3-BF4B-00C04F79EFBC}") = "RabbitMQ", "RabbitMQ\RabbitMQ.csproj", "{120F9D65-7E11-4EC7-AAD1-2D4DC414DFE4}"
EndProject
Global
	GlobalSection(SolutionConfigurationPlatforms) = preSolution
		Debug|Any CPU = Debug|Any CPU
		Release|Any CPU = Release|Any CPU
	EndGlobalSection
	GlobalSection(ProjectConfigurationPlatforms) = postSolution
		{120F9D65-7E11-4EC7-AAD1-2D4DC414DFE4}.Debug|Any CPU.ActiveCfg = Debug|Any CPU
		{120F9D65-7E11-4EC7-AAD1-2D4DC414DFE4}.Debug|Any CPU.Build.0 = Debug|Any CPU
		{120F9D65-7E11-4EC7-AAD1-2D4DC414DFE4}.Release|Any CPU.ActiveCfg = Release|Any CPU
		{120F9D65-7E11-4EC7-AAD1-2D4DC414DFE4}.Release|Any CPU.Build.0 = Release|Any CPU
	EndGlobalSection
EndGlobal
